// !$*UTF8*$!
{
	archiveVersion = 1;
	classes = {
	};
	objectVersion = 50;
	objects = {

/* Begin PBXBuildFile section */
		302782552677DC1000BC9077 /* AppDelegate.swift in Sources */ = {isa = PBXBuildFile; fileRef = 302782542677DC1000BC9077 /* AppDelegate.swift */; };
		302782572677DC1000BC9077 /* SceneDelegate.swift in Sources */ = {isa = PBXBuildFile; fileRef = 302782562677DC1000BC9077 /* SceneDelegate.swift */; };
		3027825E2677DC1300BC9077 /* Assets.xcassets in Resources */ = {isa = PBXBuildFile; fileRef = 3027825D2677DC1300BC9077 /* Assets.xcassets */; };
		302782612677DC1300BC9077 /* LaunchScreen.storyboard in Resources */ = {isa = PBXBuildFile; fileRef = 3027825F2677DC1300BC9077 /* LaunchScreen.storyboard */; };
		3027826C2677DC1400BC9077 /* NTBankTests.swift in Sources */ = {isa = PBXBuildFile; fileRef = 3027826B2677DC1400BC9077 /* NTBankTests.swift */; };
		302782772677DC1400BC9077 /* NTBankUITests.swift in Sources */ = {isa = PBXBuildFile; fileRef = 302782762677DC1400BC9077 /* NTBankUITests.swift */; };
		30278288267839E400BC9077 /* ViewControllerPreview.swift in Sources */ = {isa = PBXBuildFile; fileRef = 30278287267839E400BC9077 /* ViewControllerPreview.swift */; };
		302782AA2679054A00BC9077 /* WelcomeViewController.swift in Sources */ = {isa = PBXBuildFile; fileRef = 302782A92679054900BC9077 /* WelcomeViewController.swift */; };
		302782B22679289800BC9077 /* NTButton.swift in Sources */ = {isa = PBXBuildFile; fileRef = 302782B12679289800BC9077 /* NTButton.swift */; };
		302782BA26792BB300BC9077 /* WelcomeScreenViewController.swift in Sources */ = {isa = PBXBuildFile; fileRef = 302782B926792BB300BC9077 /* WelcomeScreenViewController.swift */; };
		302782BD26792CEC00BC9077 /* UIView+Extension.swift in Sources */ = {isa = PBXBuildFile; fileRef = 302782BC26792CEC00BC9077 /* UIView+Extension.swift */; };
		302782BF2679330F00BC9077 /* UIStackView+Extension.swift in Sources */ = {isa = PBXBuildFile; fileRef = 302782BE2679330F00BC9077 /* UIStackView+Extension.swift */; };
		302782C1267934AA00BC9077 /* LoginViewController.swift in Sources */ = {isa = PBXBuildFile; fileRef = 302782C0267934AA00BC9077 /* LoginViewController.swift */; };
		302782C626794AB900BC9077 /* SignupViewController.swift in Sources */ = {isa = PBXBuildFile; fileRef = 302782C526794AB900BC9077 /* SignupViewController.swift */; };
		302782C826794B6300BC9077 /* LoginScreenViewController.swift in Sources */ = {isa = PBXBuildFile; fileRef = 302782C726794B6300BC9077 /* LoginScreenViewController.swift */; };
		302782CA26794B7C00BC9077 /* SignupScreenViewController.swift in Sources */ = {isa = PBXBuildFile; fileRef = 302782C926794B7C00BC9077 /* SignupScreenViewController.swift */; };
		302782CC26794D5700BC9077 /* NTHeaderView.swift in Sources */ = {isa = PBXBuildFile; fileRef = 302782CB26794D5700BC9077 /* NTHeaderView.swift */; };
		302782D126794F4400BC9077 /* NTTextfield.swift in Sources */ = {isa = PBXBuildFile; fileRef = 302782D026794F4400BC9077 /* NTTextfield.swift */; };
		302782D326794F5E00BC9077 /* NTSecurefield.swift in Sources */ = {isa = PBXBuildFile; fileRef = 302782D226794F5E00BC9077 /* NTSecurefield.swift */; };
		30E10BA1267DA94400F4816B /* User.swift in Sources */ = {isa = PBXBuildFile; fileRef = 30E10BA0267DA94400F4816B /* User.swift */; };
		30E10BA3267DA95C00F4816B /* Transaction.swift in Sources */ = {isa = PBXBuildFile; fileRef = 30E10BA2267DA95C00F4816B /* Transaction.swift */; };
/* End PBXBuildFile section */

/* Begin PBXContainerItemProxy section */
		302782682677DC1400BC9077 /* PBXContainerItemProxy */ = {
			isa = PBXContainerItemProxy;
			containerPortal = 302782492677DC1000BC9077 /* Project object */;
			proxyType = 1;
			remoteGlobalIDString = 302782502677DC1000BC9077;
			remoteInfo = NTBank;
		};
		302782732677DC1400BC9077 /* PBXContainerItemProxy */ = {
			isa = PBXContainerItemProxy;
			containerPortal = 302782492677DC1000BC9077 /* Project object */;
			proxyType = 1;
			remoteGlobalIDString = 302782502677DC1000BC9077;
			remoteInfo = NTBank;
		};
/* End PBXContainerItemProxy section */

/* Begin PBXFileReference section */
		302782512677DC1000BC9077 /* NTBank.app */ = {isa = PBXFileReference; explicitFileType = wrapper.application; includeInIndex = 0; path = NTBank.app; sourceTree = BUILT_PRODUCTS_DIR; };
		302782542677DC1000BC9077 /* AppDelegate.swift */ = {isa = PBXFileReference; lastKnownFileType = sourcecode.swift; path = AppDelegate.swift; sourceTree = "<group>"; };
		302782562677DC1000BC9077 /* SceneDelegate.swift */ = {isa = PBXFileReference; lastKnownFileType = sourcecode.swift; path = SceneDelegate.swift; sourceTree = "<group>"; };
		3027825D2677DC1300BC9077 /* Assets.xcassets */ = {isa = PBXFileReference; lastKnownFileType = folder.assetcatalog; path = Assets.xcassets; sourceTree = "<group>"; };
		302782602677DC1300BC9077 /* Base */ = {isa = PBXFileReference; lastKnownFileType = file.storyboard; name = Base; path = Base.lproj/LaunchScreen.storyboard; sourceTree = "<group>"; };
		302782622677DC1400BC9077 /* Info.plist */ = {isa = PBXFileReference; lastKnownFileType = text.plist.xml; path = Info.plist; sourceTree = "<group>"; };
		302782672677DC1400BC9077 /* NTBankTests.xctest */ = {isa = PBXFileReference; explicitFileType = wrapper.cfbundle; includeInIndex = 0; path = NTBankTests.xctest; sourceTree = BUILT_PRODUCTS_DIR; };
		3027826B2677DC1400BC9077 /* NTBankTests.swift */ = {isa = PBXFileReference; lastKnownFileType = sourcecode.swift; path = NTBankTests.swift; sourceTree = "<group>"; };
		3027826D2677DC1400BC9077 /* Info.plist */ = {isa = PBXFileReference; lastKnownFileType = text.plist.xml; path = Info.plist; sourceTree = "<group>"; };
		302782722677DC1400BC9077 /* NTBankUITests.xctest */ = {isa = PBXFileReference; explicitFileType = wrapper.cfbundle; includeInIndex = 0; path = NTBankUITests.xctest; sourceTree = BUILT_PRODUCTS_DIR; };
		302782762677DC1400BC9077 /* NTBankUITests.swift */ = {isa = PBXFileReference; lastKnownFileType = sourcecode.swift; path = NTBankUITests.swift; sourceTree = "<group>"; };
		302782782677DC1400BC9077 /* Info.plist */ = {isa = PBXFileReference; lastKnownFileType = text.plist.xml; path = Info.plist; sourceTree = "<group>"; };
		30278287267839E400BC9077 /* ViewControllerPreview.swift */ = {isa = PBXFileReference; lastKnownFileType = sourcecode.swift; path = ViewControllerPreview.swift; sourceTree = "<group>"; };
		302782A92679054900BC9077 /* WelcomeViewController.swift */ = {isa = PBXFileReference; lastKnownFileType = sourcecode.swift; path = WelcomeViewController.swift; sourceTree = "<group>"; };
		302782B12679289800BC9077 /* NTButton.swift */ = {isa = PBXFileReference; lastKnownFileType = sourcecode.swift; path = NTButton.swift; sourceTree = "<group>"; };
		302782B926792BB300BC9077 /* WelcomeScreenViewController.swift */ = {isa = PBXFileReference; lastKnownFileType = sourcecode.swift; path = WelcomeScreenViewController.swift; sourceTree = "<group>"; };
		302782BC26792CEC00BC9077 /* UIView+Extension.swift */ = {isa = PBXFileReference; lastKnownFileType = sourcecode.swift; path = "UIView+Extension.swift"; sourceTree = "<group>"; };
		302782BE2679330F00BC9077 /* UIStackView+Extension.swift */ = {isa = PBXFileReference; lastKnownFileType = sourcecode.swift; path = "UIStackView+Extension.swift"; sourceTree = "<group>"; };
		302782C0267934AA00BC9077 /* LoginViewController.swift */ = {isa = PBXFileReference; lastKnownFileType = sourcecode.swift; path = LoginViewController.swift; sourceTree = "<group>"; };
		302782C526794AB900BC9077 /* SignupViewController.swift */ = {isa = PBXFileReference; lastKnownFileType = sourcecode.swift; path = SignupViewController.swift; sourceTree = "<group>"; };
		302782C726794B6300BC9077 /* LoginScreenViewController.swift */ = {isa = PBXFileReference; lastKnownFileType = sourcecode.swift; path = LoginScreenViewController.swift; sourceTree = "<group>"; };
		302782C926794B7C00BC9077 /* SignupScreenViewController.swift */ = {isa = PBXFileReference; lastKnownFileType = sourcecode.swift; path = SignupScreenViewController.swift; sourceTree = "<group>"; };
		302782CB26794D5700BC9077 /* NTHeaderView.swift */ = {isa = PBXFileReference; lastKnownFileType = sourcecode.swift; path = NTHeaderView.swift; sourceTree = "<group>"; };
		302782D026794F4400BC9077 /* NTTextfield.swift */ = {isa = PBXFileReference; lastKnownFileType = sourcecode.swift; path = NTTextfield.swift; sourceTree = "<group>"; };
		302782D226794F5E00BC9077 /* NTSecurefield.swift */ = {isa = PBXFileReference; lastKnownFileType = sourcecode.swift; path = NTSecurefield.swift; sourceTree = "<group>"; };
		30E10BA0267DA94400F4816B /* User.swift */ = {isa = PBXFileReference; lastKnownFileType = sourcecode.swift; path = User.swift; sourceTree = "<group>"; };
		30E10BA2267DA95C00F4816B /* Transaction.swift */ = {isa = PBXFileReference; lastKnownFileType = sourcecode.swift; path = Transaction.swift; sourceTree = "<group>"; };
/* End PBXFileReference section */

/* Begin PBXFrameworksBuildPhase section */
		3027824E2677DC1000BC9077 /* Frameworks */ = {
			isa = PBXFrameworksBuildPhase;
			buildActionMask = 2147483647;
			files = (
			);
			runOnlyForDeploymentPostprocessing = 0;
		};
		302782642677DC1400BC9077 /* Frameworks */ = {
			isa = PBXFrameworksBuildPhase;
			buildActionMask = 2147483647;
			files = (
			);
			runOnlyForDeploymentPostprocessing = 0;
		};
		3027826F2677DC1400BC9077 /* Frameworks */ = {
			isa = PBXFrameworksBuildPhase;
			buildActionMask = 2147483647;
			files = (
			);
			runOnlyForDeploymentPostprocessing = 0;
		};
/* End PBXFrameworksBuildPhase section */

/* Begin PBXGroup section */
		302782482677DC1000BC9077 = {
			isa = PBXGroup;
			children = (
				302782532677DC1000BC9077 /* NTBank */,
				3027826A2677DC1400BC9077 /* NTBankTests */,
				302782752677DC1400BC9077 /* NTBankUITests */,
				302782522677DC1000BC9077 /* Products */,
			);
			sourceTree = "<group>";
		};
		302782522677DC1000BC9077 /* Products */ = {
			isa = PBXGroup;
			children = (
				302782512677DC1000BC9077 /* NTBank.app */,
				302782672677DC1400BC9077 /* NTBankTests.xctest */,
				302782722677DC1400BC9077 /* NTBankUITests.xctest */,
			);
			name = Products;
			sourceTree = "<group>";
		};
		302782532677DC1000BC9077 /* NTBank */ = {
			isa = PBXGroup;
			children = (
				302782542677DC1000BC9077 /* AppDelegate.swift */,
				302782562677DC1000BC9077 /* SceneDelegate.swift */,
				302782AB2679055000BC9077 /* View Controllers */,
				30E10B9F267DA92D00F4816B /* Models */,
				302782AC2679255A00BC9077 /* Interface */,
				302782BB26792C9800BC9077 /* Utilities */,
				302782862678399100BC9077 /* Previews */,
				3027825D2677DC1300BC9077 /* Assets.xcassets */,
				302782622677DC1400BC9077 /* Info.plist */,
				3027825F2677DC1300BC9077 /* LaunchScreen.storyboard */,
			);
			path = NTBank;
			sourceTree = "<group>";
		};
		3027826A2677DC1400BC9077 /* NTBankTests */ = {
			isa = PBXGroup;
			children = (
				3027826B2677DC1400BC9077 /* NTBankTests.swift */,
				3027826D2677DC1400BC9077 /* Info.plist */,
			);
			path = NTBankTests;
			sourceTree = "<group>";
		};
		302782752677DC1400BC9077 /* NTBankUITests */ = {
			isa = PBXGroup;
			children = (
				302782762677DC1400BC9077 /* NTBankUITests.swift */,
				302782782677DC1400BC9077 /* Info.plist */,
			);
			path = NTBankUITests;
			sourceTree = "<group>";
		};
		302782862678399100BC9077 /* Previews */ = {
			isa = PBXGroup;
			children = (
				30278287267839E400BC9077 /* ViewControllerPreview.swift */,
			);
			path = Previews;
			sourceTree = "<group>";
		};
		302782AB2679055000BC9077 /* View Controllers */ = {
			isa = PBXGroup;
			children = (
				302782A92679054900BC9077 /* WelcomeViewController.swift */,
				302782C0267934AA00BC9077 /* LoginViewController.swift */,
				302782C526794AB900BC9077 /* SignupViewController.swift */,
			);
			path = "View Controllers";
			sourceTree = "<group>";
		};
		302782AC2679255A00BC9077 /* Interface */ = {
			isa = PBXGroup;
			children = (
				302782B02679278C00BC9077 /* Views */,
				302782AD2679256500BC9077 /* View Controllers */,
			);
			path = Interface;
			sourceTree = "<group>";
		};
		302782AD2679256500BC9077 /* View Controllers */ = {
			isa = PBXGroup;
			children = (
				302782B926792BB300BC9077 /* WelcomeScreenViewController.swift */,
				302782C726794B6300BC9077 /* LoginScreenViewController.swift */,
				302782C926794B7C00BC9077 /* SignupScreenViewController.swift */,
			);
			path = "View Controllers";
			sourceTree = "<group>";
		};
		302782B02679278C00BC9077 /* Views */ = {
			isa = PBXGroup;
			children = (
				302782B12679289800BC9077 /* NTButton.swift */,
				302782CB26794D5700BC9077 /* NTHeaderView.swift */,
				302782D026794F4400BC9077 /* NTTextfield.swift */,
				302782D226794F5E00BC9077 /* NTSecurefield.swift */,
			);
			path = Views;
			sourceTree = "<group>";
		};
		302782BB26792C9800BC9077 /* Utilities */ = {
			isa = PBXGroup;
			children = (
				302782BC26792CEC00BC9077 /* UIView+Extension.swift */,
				302782BE2679330F00BC9077 /* UIStackView+Extension.swift */,
			);
			path = Utilities;
			sourceTree = "<group>";
		};
		30E10B9F267DA92D00F4816B /* Models */ = {
			isa = PBXGroup;
			children = (
				30E10BA0267DA94400F4816B /* User.swift */,
				30E10BA2267DA95C00F4816B /* Transaction.swift */,
			);
			path = Models;
			sourceTree = "<group>";
		};
/* End PBXGroup section */

/* Begin PBXNativeTarget section */
		302782502677DC1000BC9077 /* NTBank */ = {
			isa = PBXNativeTarget;
			buildConfigurationList = 3027827B2677DC1400BC9077 /* Build configuration list for PBXNativeTarget "NTBank" */;
			buildPhases = (
				3027824D2677DC1000BC9077 /* Sources */,
				3027824E2677DC1000BC9077 /* Frameworks */,
				3027824F2677DC1000BC9077 /* Resources */,
			);
			buildRules = (
			);
			dependencies = (
			);
			name = NTBank;
			productName = NTBank;
			productReference = 302782512677DC1000BC9077 /* NTBank.app */;
			productType = "com.apple.product-type.application";
		};
		302782662677DC1400BC9077 /* NTBankTests */ = {
			isa = PBXNativeTarget;
			buildConfigurationList = 3027827E2677DC1400BC9077 /* Build configuration list for PBXNativeTarget "NTBankTests" */;
			buildPhases = (
				302782632677DC1400BC9077 /* Sources */,
				302782642677DC1400BC9077 /* Frameworks */,
				302782652677DC1400BC9077 /* Resources */,
			);
			buildRules = (
			);
			dependencies = (
				302782692677DC1400BC9077 /* PBXTargetDependency */,
			);
			name = NTBankTests;
			productName = NTBankTests;
			productReference = 302782672677DC1400BC9077 /* NTBankTests.xctest */;
			productType = "com.apple.product-type.bundle.unit-test";
		};
		302782712677DC1400BC9077 /* NTBankUITests */ = {
			isa = PBXNativeTarget;
			buildConfigurationList = 302782812677DC1400BC9077 /* Build configuration list for PBXNativeTarget "NTBankUITests" */;
			buildPhases = (
				3027826E2677DC1400BC9077 /* Sources */,
				3027826F2677DC1400BC9077 /* Frameworks */,
				302782702677DC1400BC9077 /* Resources */,
			);
			buildRules = (
			);
			dependencies = (
				302782742677DC1400BC9077 /* PBXTargetDependency */,
			);
			name = NTBankUITests;
			productName = NTBankUITests;
			productReference = 302782722677DC1400BC9077 /* NTBankUITests.xctest */;
			productType = "com.apple.product-type.bundle.ui-testing";
		};
/* End PBXNativeTarget section */

/* Begin PBXProject section */
		302782492677DC1000BC9077 /* Project object */ = {
			isa = PBXProject;
			attributes = {
				LastSwiftUpdateCheck = 1250;
				LastUpgradeCheck = 1250;
				TargetAttributes = {
					302782502677DC1000BC9077 = {
						CreatedOnToolsVersion = 12.5;
					};
					302782662677DC1400BC9077 = {
						CreatedOnToolsVersion = 12.5;
						TestTargetID = 302782502677DC1000BC9077;
					};
					302782712677DC1400BC9077 = {
						CreatedOnToolsVersion = 12.5;
						TestTargetID = 302782502677DC1000BC9077;
					};
				};
			};
			buildConfigurationList = 3027824C2677DC1000BC9077 /* Build configuration list for PBXProject "NTBank" */;
			compatibilityVersion = "Xcode 9.3";
			developmentRegion = en;
			hasScannedForEncodings = 0;
			knownRegions = (
				en,
				Base,
			);
			mainGroup = 302782482677DC1000BC9077;
			productRefGroup = 302782522677DC1000BC9077 /* Products */;
			projectDirPath = "";
			projectRoot = "";
			targets = (
				302782502677DC1000BC9077 /* NTBank */,
				302782662677DC1400BC9077 /* NTBankTests */,
				302782712677DC1400BC9077 /* NTBankUITests */,
			);
		};
/* End PBXProject section */

/* Begin PBXResourcesBuildPhase section */
		3027824F2677DC1000BC9077 /* Resources */ = {
			isa = PBXResourcesBuildPhase;
			buildActionMask = 2147483647;
			files = (
				302782612677DC1300BC9077 /* LaunchScreen.storyboard in Resources */,
				3027825E2677DC1300BC9077 /* Assets.xcassets in Resources */,
			);
			runOnlyForDeploymentPostprocessing = 0;
		};
		302782652677DC1400BC9077 /* Resources */ = {
			isa = PBXResourcesBuildPhase;
			buildActionMask = 2147483647;
			files = (
			);
			runOnlyForDeploymentPostprocessing = 0;
		};
		302782702677DC1400BC9077 /* Resources */ = {
			isa = PBXResourcesBuildPhase;
			buildActionMask = 2147483647;
			files = (
			);
			runOnlyForDeploymentPostprocessing = 0;
		};
/* End PBXResourcesBuildPhase section */

/* Begin PBXSourcesBuildPhase section */
		3027824D2677DC1000BC9077 /* Sources */ = {
			isa = PBXSourcesBuildPhase;
			buildActionMask = 2147483647;
			files = (
				302782C826794B6300BC9077 /* LoginScreenViewController.swift in Sources */,
				302782B22679289800BC9077 /* NTButton.swift in Sources */,
				302782D326794F5E00BC9077 /* NTSecurefield.swift in Sources */,
				302782BD26792CEC00BC9077 /* UIView+Extension.swift in Sources */,
				30E10BA1267DA94400F4816B /* User.swift in Sources */,
				302782C626794AB900BC9077 /* SignupViewController.swift in Sources */,
				30E10BA3267DA95C00F4816B /* Transaction.swift in Sources */,
				302782AA2679054A00BC9077 /* WelcomeViewController.swift in Sources */,
				302782552677DC1000BC9077 /* AppDelegate.swift in Sources */,
				302782BF2679330F00BC9077 /* UIStackView+Extension.swift in Sources */,
				302782572677DC1000BC9077 /* SceneDelegate.swift in Sources */,
				302782CC26794D5700BC9077 /* NTHeaderView.swift in Sources */,
				302782CA26794B7C00BC9077 /* SignupScreenViewController.swift in Sources */,
				302782BA26792BB300BC9077 /* WelcomeScreenViewController.swift in Sources */,
				302782C1267934AA00BC9077 /* LoginViewController.swift in Sources */,
				30278288267839E400BC9077 /* ViewControllerPreview.swift in Sources */,
				302782D126794F4400BC9077 /* NTTextfield.swift in Sources */,
			);
			runOnlyForDeploymentPostprocessing = 0;
		};
		302782632677DC1400BC9077 /* Sources */ = {
			isa = PBXSourcesBuildPhase;
			buildActionMask = 2147483647;
			files = (
				3027826C2677DC1400BC9077 /* NTBankTests.swift in Sources */,
			);
			runOnlyForDeploymentPostprocessing = 0;
		};
		3027826E2677DC1400BC9077 /* Sources */ = {
			isa = PBXSourcesBuildPhase;
			buildActionMask = 2147483647;
			files = (
				302782772677DC1400BC9077 /* NTBankUITests.swift in Sources */,
			);
			runOnlyForDeploymentPostprocessing = 0;
		};
/* End PBXSourcesBuildPhase section */

/* Begin PBXTargetDependency section */
		302782692677DC1400BC9077 /* PBXTargetDependency */ = {
			isa = PBXTargetDependency;
			target = 302782502677DC1000BC9077 /* NTBank */;
			targetProxy = 302782682677DC1400BC9077 /* PBXContainerItemProxy */;
		};
		302782742677DC1400BC9077 /* PBXTargetDependency */ = {
			isa = PBXTargetDependency;
			target = 302782502677DC1000BC9077 /* NTBank */;
			targetProxy = 302782732677DC1400BC9077 /* PBXContainerItemProxy */;
		};
/* End PBXTargetDependency section */

/* Begin PBXVariantGroup section */
		3027825F2677DC1300BC9077 /* LaunchScreen.storyboard */ = {
			isa = PBXVariantGroup;
			children = (
				302782602677DC1300BC9077 /* Base */,
			);
			name = LaunchScreen.storyboard;
			sourceTree = "<group>";
		};
/* End PBXVariantGroup section */

/* Begin XCBuildConfiguration section */
		302782792677DC1400BC9077 /* Debug */ = {
			isa = XCBuildConfiguration;
			buildSettings = {
				ALWAYS_SEARCH_USER_PATHS = NO;
				CLANG_ANALYZER_NONNULL = YES;
				CLANG_ANALYZER_NUMBER_OBJECT_CONVERSION = YES_AGGRESSIVE;
				CLANG_CXX_LANGUAGE_STANDARD = "gnu++14";
				CLANG_CXX_LIBRARY = "libc++";
				CLANG_ENABLE_MODULES = YES;
				CLANG_ENABLE_OBJC_ARC = YES;
				CLANG_ENABLE_OBJC_WEAK = YES;
				CLANG_WARN_BLOCK_CAPTURE_AUTORELEASING = YES;
				CLANG_WARN_BOOL_CONVERSION = YES;
				CLANG_WARN_COMMA = YES;
				CLANG_WARN_CONSTANT_CONVERSION = YES;
				CLANG_WARN_DEPRECATED_OBJC_IMPLEMENTATIONS = YES;
				CLANG_WARN_DIRECT_OBJC_ISA_USAGE = YES_ERROR;
				CLANG_WARN_DOCUMENTATION_COMMENTS = YES;
				CLANG_WARN_EMPTY_BODY = YES;
				CLANG_WARN_ENUM_CONVERSION = YES;
				CLANG_WARN_INFINITE_RECURSION = YES;
				CLANG_WARN_INT_CONVERSION = YES;
				CLANG_WARN_NON_LITERAL_NULL_CONVERSION = YES;
				CLANG_WARN_OBJC_IMPLICIT_RETAIN_SELF = YES;
				CLANG_WARN_OBJC_LITERAL_CONVERSION = YES;
				CLANG_WARN_OBJC_ROOT_CLASS = YES_ERROR;
				CLANG_WARN_QUOTED_INCLUDE_IN_FRAMEWORK_HEADER = YES;
				CLANG_WARN_RANGE_LOOP_ANALYSIS = YES;
				CLANG_WARN_STRICT_PROTOTYPES = YES;
				CLANG_WARN_SUSPICIOUS_MOVE = YES;
				CLANG_WARN_UNGUARDED_AVAILABILITY = YES_AGGRESSIVE;
				CLANG_WARN_UNREACHABLE_CODE = YES;
				CLANG_WARN__DUPLICATE_METHOD_MATCH = YES;
				COPY_PHASE_STRIP = NO;
				DEBUG_INFORMATION_FORMAT = dwarf;
				ENABLE_STRICT_OBJC_MSGSEND = YES;
				ENABLE_TESTABILITY = YES;
				GCC_C_LANGUAGE_STANDARD = gnu11;
				GCC_DYNAMIC_NO_PIC = NO;
				GCC_NO_COMMON_BLOCKS = YES;
				GCC_OPTIMIZATION_LEVEL = 0;
				GCC_PREPROCESSOR_DEFINITIONS = (
					"DEBUG=1",
					"$(inherited)",
				);
				GCC_WARN_64_TO_32_BIT_CONVERSION = YES;
				GCC_WARN_ABOUT_RETURN_TYPE = YES_ERROR;
				GCC_WARN_UNDECLARED_SELECTOR = YES;
				GCC_WARN_UNINITIALIZED_AUTOS = YES_AGGRESSIVE;
				GCC_WARN_UNUSED_FUNCTION = YES;
				GCC_WARN_UNUSED_VARIABLE = YES;
				IPHONEOS_DEPLOYMENT_TARGET = 14.5;
				MTL_ENABLE_DEBUG_INFO = INCLUDE_SOURCE;
				MTL_FAST_MATH = YES;
				ONLY_ACTIVE_ARCH = YES;
				SDKROOT = iphoneos;
				SWIFT_ACTIVE_COMPILATION_CONDITIONS = DEBUG;
				SWIFT_OPTIMIZATION_LEVEL = "-Onone";
			};
			name = Debug;
		};
		3027827A2677DC1400BC9077 /* Release */ = {
			isa = XCBuildConfiguration;
			buildSettings = {
				ALWAYS_SEARCH_USER_PATHS = NO;
				CLANG_ANALYZER_NONNULL = YES;
				CLANG_ANALYZER_NUMBER_OBJECT_CONVERSION = YES_AGGRESSIVE;
				CLANG_CXX_LANGUAGE_STANDARD = "gnu++14";
				CLANG_CXX_LIBRARY = "libc++";
				CLANG_ENABLE_MODULES = YES;
				CLANG_ENABLE_OBJC_ARC = YES;
				CLANG_ENABLE_OBJC_WEAK = YES;
				CLANG_WARN_BLOCK_CAPTURE_AUTORELEASING = YES;
				CLANG_WARN_BOOL_CONVERSION = YES;
				CLANG_WARN_COMMA = YES;
				CLANG_WARN_CONSTANT_CONVERSION = YES;
				CLANG_WARN_DEPRECATED_OBJC_IMPLEMENTATIONS = YES;
				CLANG_WARN_DIRECT_OBJC_ISA_USAGE = YES_ERROR;
				CLANG_WARN_DOCUMENTATION_COMMENTS = YES;
				CLANG_WARN_EMPTY_BODY = YES;
				CLANG_WARN_ENUM_CONVERSION = YES;
				CLANG_WARN_INFINITE_RECURSION = YES;
				CLANG_WARN_INT_CONVERSION = YES;
				CLANG_WARN_NON_LITERAL_NULL_CONVERSION = YES;
				CLANG_WARN_OBJC_IMPLICIT_RETAIN_SELF = YES;
				CLANG_WARN_OBJC_LITERAL_CONVERSION = YES;
				CLANG_WARN_OBJC_ROOT_CLASS = YES_ERROR;
				CLANG_WARN_QUOTED_INCLUDE_IN_FRAMEWORK_HEADER = YES;
				CLANG_WARN_RANGE_LOOP_ANALYSIS = YES;
				CLANG_WARN_STRICT_PROTOTYPES = YES;
				CLANG_WARN_SUSPICIOUS_MOVE = YES;
				CLANG_WARN_UNGUARDED_AVAILABILITY = YES_AGGRESSIVE;
				CLANG_WARN_UNREACHABLE_CODE = YES;
				CLANG_WARN__DUPLICATE_METHOD_MATCH = YES;
				COPY_PHASE_STRIP = NO;
				DEBUG_INFORMATION_FORMAT = "dwarf-with-dsym";
				ENABLE_NS_ASSERTIONS = NO;
				ENABLE_STRICT_OBJC_MSGSEND = YES;
				GCC_C_LANGUAGE_STANDARD = gnu11;
				GCC_NO_COMMON_BLOCKS = YES;
				GCC_WARN_64_TO_32_BIT_CONVERSION = YES;
				GCC_WARN_ABOUT_RETURN_TYPE = YES_ERROR;
				GCC_WARN_UNDECLARED_SELECTOR = YES;
				GCC_WARN_UNINITIALIZED_AUTOS = YES_AGGRESSIVE;
				GCC_WARN_UNUSED_FUNCTION = YES;
				GCC_WARN_UNUSED_VARIABLE = YES;
				IPHONEOS_DEPLOYMENT_TARGET = 14.5;
				MTL_ENABLE_DEBUG_INFO = NO;
				MTL_FAST_MATH = YES;
				SDKROOT = iphoneos;
				SWIFT_COMPILATION_MODE = wholemodule;
				SWIFT_OPTIMIZATION_LEVEL = "-O";
				VALIDATE_PRODUCT = YES;
			};
			name = Release;
		};
		3027827C2677DC1400BC9077 /* Debug */ = {
			isa = XCBuildConfiguration;
			buildSettings = {
				ASSETCATALOG_COMPILER_APPICON_NAME = AppIcon;
				ASSETCATALOG_COMPILER_GLOBAL_ACCENT_COLOR_NAME = AccentColor;
				CODE_SIGN_STYLE = Automatic;
				DEVELOPMENT_TEAM = NSQZZ8NU6Y;
				INFOPLIST_FILE = NTBank/Info.plist;
				LD_RUNPATH_SEARCH_PATHS = (
					"$(inherited)",
					"@executable_path/Frameworks",
				);
				PRODUCT_BUNDLE_IDENTIFIER = com.javiermunoz.NTBank;
				PRODUCT_NAME = "$(TARGET_NAME)";
				SWIFT_VERSION = 5.0;
				TARGETED_DEVICE_FAMILY = "1,2";
			};
			name = Debug;
		};
		3027827D2677DC1400BC9077 /* Release */ = {
			isa = XCBuildConfiguration;
			buildSettings = {
				ASSETCATALOG_COMPILER_APPICON_NAME = AppIcon;
				ASSETCATALOG_COMPILER_GLOBAL_ACCENT_COLOR_NAME = AccentColor;
				CODE_SIGN_STYLE = Automatic;
				DEVELOPMENT_TEAM = NSQZZ8NU6Y;
				INFOPLIST_FILE = NTBank/Info.plist;
				LD_RUNPATH_SEARCH_PATHS = (
					"$(inherited)",
					"@executable_path/Frameworks",
				);
				PRODUCT_BUNDLE_IDENTIFIER = com.javiermunoz.NTBank;
				PRODUCT_NAME = "$(TARGET_NAME)";
				SWIFT_VERSION = 5.0;
				TARGETED_DEVICE_FAMILY = "1,2";
			};
			name = Release;
		};
		3027827F2677DC1400BC9077 /* Debug */ = {
			isa = XCBuildConfiguration;
			buildSettings = {
				ALWAYS_EMBED_SWIFT_STANDARD_LIBRARIES = YES;
				BUNDLE_LOADER = "$(TEST_HOST)";
				CODE_SIGN_STYLE = Automatic;
				DEVELOPMENT_TEAM = NSQZZ8NU6Y;
				INFOPLIST_FILE = NTBankTests/Info.plist;
				IPHONEOS_DEPLOYMENT_TARGET = 14.5;
				LD_RUNPATH_SEARCH_PATHS = (
					"$(inherited)",
					"@executable_path/Frameworks",
					"@loader_path/Frameworks",
				);
				PRODUCT_BUNDLE_IDENTIFIER = com.javiermunoz.NTBankTests;
				PRODUCT_NAME = "$(TARGET_NAME)";
				SWIFT_VERSION = 5.0;
				TARGETED_DEVICE_FAMILY = "1,2";
				TEST_HOST = "$(BUILT_PRODUCTS_DIR)/NTBank.app/NTBank";
			};
			name = Debug;
		};
		302782802677DC1400BC9077 /* Release */ = {
			isa = XCBuildConfiguration;
			buildSettings = {
				ALWAYS_EMBED_SWIFT_STANDARD_LIBRARIES = YES;
				BUNDLE_LOADER = "$(TEST_HOST)";
				CODE_SIGN_STYLE = Automatic;
				DEVELOPMENT_TEAM = NSQZZ8NU6Y;
				INFOPLIST_FILE = NTBankTests/Info.plist;
				IPHONEOS_DEPLOYMENT_TARGET = 14.5;
				LD_RUNPATH_SEARCH_PATHS = (
					"$(inherited)",
					"@executable_path/Frameworks",
					"@loader_path/Frameworks",
				);
				PRODUCT_BUNDLE_IDENTIFIER = com.javiermunoz.NTBankTests;
				PRODUCT_NAME = "$(TARGET_NAME)";
				SWIFT_VERSION = 5.0;
				TARGETED_DEVICE_FAMILY = "1,2";
				TEST_HOST = "$(BUILT_PRODUCTS_DIR)/NTBank.app/NTBank";
			};
			name = Release;
		};
		302782822677DC1400BC9077 /* Debug */ = {
			isa = XCBuildConfiguration;
			buildSettings = {
				ALWAYS_EMBED_SWIFT_STANDARD_LIBRARIES = YES;
				CODE_SIGN_STYLE = Automatic;
				DEVELOPMENT_TEAM = NSQZZ8NU6Y;
				INFOPLIST_FILE = NTBankUITests/Info.plist;
				LD_RUNPATH_SEARCH_PATHS = (
					"$(inherited)",
					"@executable_path/Frameworks",
					"@loader_path/Frameworks",
				);
				PRODUCT_BUNDLE_IDENTIFIER = com.javiermunoz.NTBankUITests;
				PRODUCT_NAME = "$(TARGET_NAME)";
				SWIFT_VERSION = 5.0;
				TARGETED_DEVICE_FAMILY = "1,2";
				TEST_TARGET_NAME = NTBank;
			};
			name = Debug;
		};
		302782832677DC1400BC9077 /* Release */ = {
			isa = XCBuildConfiguration;
			buildSettings = {
				ALWAYS_EMBED_SWIFT_STANDARD_LIBRARIES = YES;
				CODE_SIGN_STYLE = Automatic;
				DEVELOPMENT_TEAM = NSQZZ8NU6Y;
				INFOPLIST_FILE = NTBankUITests/Info.plist;
				LD_RUNPATH_SEARCH_PATHS = (
					"$(inherited)",
					"@executable_path/Frameworks",
					"@loader_path/Frameworks",
				);
				PRODUCT_BUNDLE_IDENTIFIER = com.javiermunoz.NTBankUITests;
				PRODUCT_NAME = "$(TARGET_NAME)";
				SWIFT_VERSION = 5.0;
				TARGETED_DEVICE_FAMILY = "1,2";
				TEST_TARGET_NAME = NTBank;
			};
			name = Release;
		};
/* End XCBuildConfiguration section */

/* Begin XCConfigurationList section */
		3027824C2677DC1000BC9077 /* Build configuration list for PBXProject "NTBank" */ = {
			isa = XCConfigurationList;
			buildConfigurations = (
				302782792677DC1400BC9077 /* Debug */,
				3027827A2677DC1400BC9077 /* Release */,
			);
			defaultConfigurationIsVisible = 0;
			defaultConfigurationName = Release;
		};
		3027827B2677DC1400BC9077 /* Build configuration list for PBXNativeTarget "NTBank" */ = {
			isa = XCConfigurationList;
			buildConfigurations = (
				3027827C2677DC1400BC9077 /* Debug */,
				3027827D2677DC1400BC9077 /* Release */,
			);
			defaultConfigurationIsVisible = 0;
			defaultConfigurationName = Release;
		};
		3027827E2677DC1400BC9077 /* Build configuration list for PBXNativeTarget "NTBankTests" */ = {
			isa = XCConfigurationList;
			buildConfigurations = (
				3027827F2677DC1400BC9077 /* Debug */,
				302782802677DC1400BC9077 /* Release */,
			);
			defaultConfigurationIsVisible = 0;
			defaultConfigurationName = Release;
		};
		302782812677DC1400BC9077 /* Build configuration list for PBXNativeTarget "NTBankUITests" */ = {
			isa = XCConfigurationList;
			buildConfigurations = (
				302782822677DC1400BC9077 /* Debug */,
				302782832677DC1400BC9077 /* Release */,
			);
			defaultConfigurationIsVisible = 0;
			defaultConfigurationName = Release;
		};
/* End XCConfigurationList section */
	};
	rootObject = 302782492677DC1000BC9077 /* Project object */;
}
